
Microsoft Visual Studio Solution File, Format Version 12.00
# Visual Studio 2012
Project("{8BC9CEB8-8B4A-11D0-8D11-00A0C91BC942}") = "WatyBotRevamp", "WatyBotRevamp\WatyBotRevamp.vcxproj", "{E5812690-3792-4563-90DD-CABC4B18A6DB}"
EndProject
Project("{8BC9CEB8-8B4A-11D0-8D11-00A0C91BC942}") = "WatyBotInjector", "WatyBotInjector\WatyBotInjector.vcxproj", "{26B0D4D4-27B8-4A92-B453-732E7D44348A}"
EndProject
Project("{8BC9CEB8-8B4A-11D0-8D11-00A0C91BC942}") = "WatyBotUpdater", "WatyBotUpdater\WatyBotUpdater.vcxproj", "{79C2A55C-464A-477D-914C-C70073F49335}"
EndProject
Project("{8BC9CEB8-8B4A-11D0-8D11-00A0C91BC942}") = "WatyBotManager", "WatyBotManager\WatyBotManager.vcxproj", "{2A0EC0D8-8AAF-46D0-A539-8C5C378CD0E5}"
EndProject
Global
	GlobalSection(SolutionConfigurationPlatforms) = preSolution
		Debug|Any CPU = Debug|Any CPU
		Debug|Mixed Platforms = Debug|Mixed Platforms
		Debug|Win32 = Debug|Win32
		Release Tazz|Any CPU = Release Tazz|Any CPU
		Release Tazz|Mixed Platforms = Release Tazz|Mixed Platforms
		Release Tazz|Win32 = Release Tazz|Win32
		Release|Any CPU = Release|Any CPU
		Release|Mixed Platforms = Release|Mixed Platforms
		Release|Win32 = Release|Win32
	EndGlobalSection
	GlobalSection(ProjectConfigurationPlatforms) = postSolution
		{E5812690-3792-4563-90DD-CABC4B18A6DB}.Debug|Any CPU.ActiveCfg = Debug|Win32
		{E5812690-3792-4563-90DD-CABC4B18A6DB}.Debug|Mixed Platforms.ActiveCfg = Debug|Win32
		{E5812690-3792-4563-90DD-CABC4B18A6DB}.Debug|Mixed Platforms.Build.0 = Debug|Win32
		{E5812690-3792-4563-90DD-CABC4B18A6DB}.Debug|Win32.ActiveCfg = Debug|Win32
		{E5812690-3792-4563-90DD-CABC4B18A6DB}.Debug|Win32.Build.0 = Debug|Win32
		{E5812690-3792-4563-90DD-CABC4B18A6DB}.Release Tazz|Any CPU.ActiveCfg = Release|Win32
		{E5812690-3792-4563-90DD-CABC4B18A6DB}.Release Tazz|Mixed Platforms.ActiveCfg = Release Tazz|Win32
		{E5812690-3792-4563-90DD-CABC4B18A6DB}.Release Tazz|Mixed Platforms.Build.0 = Release Tazz|Win32
		{E5812690-3792-4563-90DD-CABC4B18A6DB}.Release Tazz|Win32.ActiveCfg = Release|Win32
		{E5812690-3792-4563-90DD-CABC4B18A6DB}.Release Tazz|Win32.Build.0 = Release|Win32
		{E5812690-3792-4563-90DD-CABC4B18A6DB}.Release|Any CPU.ActiveCfg = Release|Win32
		{E5812690-3792-4563-90DD-CABC4B18A6DB}.Release|Mixed Platforms.ActiveCfg = Release|Win32
		{E5812690-3792-4563-90DD-CABC4B18A6DB}.Release|Mixed Platforms.Build.0 = Release|Win32
		{E5812690-3792-4563-90DD-CABC4B18A6DB}.Release|Win32.ActiveCfg = Release|Win32
		{E5812690-3792-4563-90DD-CABC4B18A6DB}.Release|Win32.Build.0 = Release|Win32
		{26B0D4D4-27B8-4A92-B453-732E7D44348A}.Debug|Any CPU.ActiveCfg = Debug|Win32
		{26B0D4D4-27B8-4A92-B453-732E7D44348A}.Debug|Mixed Platforms.ActiveCfg = Debug|Win32
		{26B0D4D4-27B8-4A92-B453-732E7D44348A}.Debug|Mixed Platforms.Build.0 = Debug|Win32
		{26B0D4D4-27B8-4A92-B453-732E7D44348A}.Debug|Win32.ActiveCfg = Debug|Win32
		{26B0D4D4-27B8-4A92-B453-732E7D44348A}.Debug|Win32.Build.0 = Debug|Win32
		{26B0D4D4-27B8-4A92-B453-732E7D44348A}.Release Tazz|Any CPU.ActiveCfg = Release|Win32
		{26B0D4D4-27B8-4A92-B453-732E7D44348A}.Release Tazz|Mixed Platforms.ActiveCfg = Release Tazz|Win32
		{26B0D4D4-27B8-4A92-B453-732E7D44348A}.Release Tazz|Mixed Platforms.Build.0 = Release Tazz|Win32
		{26B0D4D4-27B8-4A92-B453-732E7D44348A}.Release Tazz|Win32.ActiveCfg = Release|Win32
		{26B0D4D4-27B8-4A92-B453-732E7D44348A}.Release Tazz|Win32.Build.0 = Release|Win32
		{26B0D4D4-27B8-4A92-B453-732E7D44348A}.Release|Any CPU.ActiveCfg = Release|Win32
		{26B0D4D4-27B8-4A92-B453-732E7D44348A}.Release|Mixed Platforms.ActiveCfg = Release|Win32
		{26B0D4D4-27B8-4A92-B453-732E7D44348A}.Release|Mixed Platforms.Build.0 = Release|Win32
		{26B0D4D4-27B8-4A92-B453-732E7D44348A}.Release|Win32.ActiveCfg = Release|Win32
		{26B0D4D4-27B8-4A92-B453-732E7D44348A}.Release|Win32.Build.0 = Release|Win32
		{79C2A55C-464A-477D-914C-C70073F49335}.Debug|Any CPU.ActiveCfg = Debug|Win32
		{79C2A55C-464A-477D-914C-C70073F49335}.Debug|Mixed Platforms.ActiveCfg = Debug|Win32
		{79C2A55C-464A-477D-914C-C70073F49335}.Debug|Mixed Platforms.Build.0 = Debug|Win32
		{79C2A55C-464A-477D-914C-C70073F49335}.Debug|Win32.ActiveCfg = Debug|Win32
		{79C2A55C-464A-477D-914C-C70073F49335}.Debug|Win32.Build.0 = Debug|Win32
		{79C2A55C-464A-477D-914C-C70073F49335}.Release Tazz|Any CPU.ActiveCfg = Release|Win32
		{79C2A55C-464A-477D-914C-C70073F49335}.Release Tazz|Mixed Platforms.ActiveCfg = Release Tazz|Win32
		{79C2A55C-464A-477D-914C-C70073F49335}.Release Tazz|Mixed Platforms.Build.0 = Release Tazz|Win32
		{79C2A55C-464A-477D-914C-C70073F49335}.Release Tazz|Win32.ActiveCfg = Release|Win32
		{79C2A55C-464A-477D-914C-C70073F49335}.Release Tazz|Win32.Build.0 = Release|Win32
		{79C2A55C-464A-477D-914C-C70073F49335}.Release|Any CPU.ActiveCfg = Release|Win32
		{79C2A55C-464A-477D-914C-C70073F49335}.Release|Mixed Platforms.ActiveCfg = Release|Win32
		{79C2A55C-464A-477D-914C-C70073F49335}.Release|Mixed Platforms.Build.0 = Release|Win32
		{79C2A55C-464A-477D-914C-C70073F49335}.Release|Win32.ActiveCfg = Release|Win32
		{79C2A55C-464A-477D-914C-C70073F49335}.Release|Win32.Build.0 = Release|Win32
		{2A0EC0D8-8AAF-46D0-A539-8C5C378CD0E5}.Debug|Any CPU.ActiveCfg = Debug|Win32
		{2A0EC0D8-8AAF-46D0-A539-8C5C378CD0E5}.Debug|Mixed Platforms.ActiveCfg = Debug|Win32
		{2A0EC0D8-8AAF-46D0-A539-8C5C378CD0E5}.Debug|Mixed Platforms.Build.0 = Debug|Win32
		{2A0EC0D8-8AAF-46D0-A539-8C5C378CD0E5}.Debug|Win32.ActiveCfg = Debug|Win32
		{2A0EC0D8-8AAF-46D0-A539-8C5C378CD0E5}.Debug|Win32.Build.0 = Debug|Win32
		{2A0EC0D8-8AAF-46D0-A539-8C5C378CD0E5}.Release Tazz|Any CPU.ActiveCfg = Release|Win32
		{2A0EC0D8-8AAF-46D0-A539-8C5C378CD0E5}.Release Tazz|Mixed Platforms.ActiveCfg = Release Tazz|Win32
		{2A0EC0D8-8AAF-46D0-A539-8C5C378CD0E5}.Release Tazz|Mixed Platforms.Build.0 = Release Tazz|Win32
		{2A0EC0D8-8AAF-46D0-A539-8C5C378CD0E5}.Release Tazz|Win32.ActiveCfg = Release|Win32
		{2A0EC0D8-8AAF-46D0-A539-8C5C378CD0E5}.Release Tazz|Win32.Build.0 = Release|Win32
		{2A0EC0D8-8AAF-46D0-A539-8C5C378CD0E5}.Release|Any CPU.ActiveCfg = Release|Win32
		{2A0EC0D8-8AAF-46D0-A539-8C5C378CD0E5}.Release|Mixed Platforms.ActiveCfg = Release|Win32
		{2A0EC0D8-8AAF-46D0-A539-8C5C378CD0E5}.Release|Mixed Platforms.Build.0 = Release|Win32
		{2A0EC0D8-8AAF-46D0-A539-8C5C378CD0E5}.Release|Mixed Platforms.Deploy.0 = Release|Win32
		{2A0EC0D8-8AAF-46D0-A539-8C5C378CD0E5}.Release|Win32.ActiveCfg = Release|Win32
		{2A0EC0D8-8AAF-46D0-A539-8C5C378CD0E5}.Release|Win32.Build.0 = Release|Win32
	EndGlobalSection
	GlobalSection(SolutionProperties) = preSolution
		HideSolutionNode = FALSE
	EndGlobalSection
EndGlobal
