<?xml version="1.0" encoding="utf-8"?>
<Project ToolsVersion="4.0" xmlns="http://schemas.microsoft.com/developer/msbuild/2003">
  <ItemGroup>
    <Filter Include="Source Files">
      <UniqueIdentifier>{4FC737F1-C7A5-4376-A066-2A32D752A2FF}</UniqueIdentifier>
      <Extensions>cpp;c;cc;cxx;def;odl;idl;hpj;bat;asm;asmx</Extensions>
    </Filter>
    <Filter Include="Header Files">
      <UniqueIdentifier>{93995380-89BD-4b04-88EB-625FBE52EBFB}</UniqueIdentifier>
      <Extensions>h;hpp;hxx;hm;inl;inc;xsd</Extensions>
    </Filter>
    <Filter Include="Resource Files">
      <UniqueIdentifier>{67DA6AB6-F800-4c08-8B7A-83BB121AAD01}</UniqueIdentifier>
      <Extensions>rc;ico;cur;bmp;dlg;rc2;rct;bin;rgs;gif;jpg;jpeg;jpe;resx;tiff;tif;png;wav;mfcribbon-ms</Extensions>
    </Filter>
    <Filter Include="Classes">
      <UniqueIdentifier>{351550c1-2891-40aa-a4ab-c543881f5b16}</UniqueIdentifier>
    </Filter>
    <Filter Include="Classes\SPControl">
      <UniqueIdentifier>{9be2962f-3efe-49d7-9004-e3995e2c2283}</UniqueIdentifier>
    </Filter>
    <Filter Include="Classes\Packets">
      <UniqueIdentifier>{6726158c-b3d6-40a4-bf21-0aed4542d4f7}</UniqueIdentifier>
    </Filter>
    <Filter Include="Classes\CMemory">
      <UniqueIdentifier>{88a9a07f-3871-4467-b9d2-ad4a3faf437e}</UniqueIdentifier>
    </Filter>
    <Filter Include="Classes\MacroManager">
      <UniqueIdentifier>{d05cc2aa-ac27-459a-bbdf-0178b218800a}</UniqueIdentifier>
    </Filter>
    <Filter Include="Classes\ChangeChannel">
      <UniqueIdentifier>{696ca6ab-1668-4da5-9064-bce6adf12b59}</UniqueIdentifier>
    </Filter>
    <Filter Include="Classes\CMapleStory">
      <UniqueIdentifier>{f466243f-d519-45eb-8fc5-930a68bcd3d1}</UniqueIdentifier>
    </Filter>
    <Filter Include="Classes\SettingsManager">
      <UniqueIdentifier>{73e9a498-1009-4f53-a6f3-0eba6532c7ff}</UniqueIdentifier>
    </Filter>
  </ItemGroup>
  <ItemGroup>
    <ClCompile Include="MainForm.cpp">
      <Filter>Source Files</Filter>
    </ClCompile>
    <ClCompile Include="MainDll.cpp">
      <Filter>Source Files</Filter>
    </ClCompile>
    <ClCompile Include="MacroManager\MacroManager.cpp">
      <Filter>Classes\MacroManager</Filter>
    </ClCompile>
    <ClCompile Include="Packet.cpp">
      <Filter>Classes\Packets</Filter>
    </ClCompile>
    <ClCompile Include="Memory.cpp">
      <Filter>Classes\CMemory</Filter>
    </ClCompile>
    <ClCompile Include="SPControl.cpp">
      <Filter>Classes\SPControl</Filter>
    </ClCompile>
    <ClCompile Include="ChangeChannel.cpp">
      <Filter>Classes\ChangeChannel</Filter>
    </ClCompile>
    <ClCompile Include="MapleStory.cpp">
      <Filter>Classes\CMapleStory</Filter>
    </ClCompile>
    <ClCompile Include="SettingsManager.cpp">
      <Filter>Classes\SettingsManager</Filter>
    </ClCompile>
  </ItemGroup>
  <ItemGroup>
    <ClInclude Include="MainForm.h">
      <Filter>Header Files</Filter>
    </ClInclude>
    <ClInclude Include="Defines.h">
      <Filter>Header Files</Filter>
    </ClInclude>
    <ClInclude Include="Hacks.h">
      <Filter>Header Files</Filter>
    </ClInclude>
    <ClInclude Include="E:\Games\Europe MapleStory\WatyBotUpdater\Addys.h">
      <Filter>Resource Files</Filter>
    </ClInclude>
    <ClInclude Include="HackAddys.h">
      <Filter>Resource Files</Filter>
    </ClInclude>
    <ClInclude Include="MacroManager\BotMacro.h">
      <Filter>Classes\MacroManager</Filter>
    </ClInclude>
    <ClInclude Include="MacroManager\FunctionalMacro.h">
      <Filter>Classes\MacroManager</Filter>
    </ClInclude>
    <ClInclude Include="MacroManager\Lock.h">
      <Filter>Classes\MacroManager</Filter>
    </ClInclude>
    <ClInclude Include="MacroManager\MacroManager.h">
      <Filter>Classes\MacroManager</Filter>
    </ClInclude>
    <ClInclude Include="MacroManager\noncopyable.h">
      <Filter>Classes\MacroManager</Filter>
    </ClInclude>
    <ClInclude Include="MacroManager\SkillMacro.h">
      <Filter>Classes\MacroManager</Filter>
    </ClInclude>
    <ClInclude Include="MacroManager\StopWatch.h">
      <Filter>Classes\MacroManager</Filter>
    </ClInclude>
    <ClInclude Include="Packet.h">
      <Filter>Classes\Packets</Filter>
    </ClInclude>
    <ClInclude Include="Memory.h">
      <Filter>Classes\CMemory</Filter>
    </ClInclude>
    <ClInclude Include="SPControl.h">
      <Filter>Classes\SPControl</Filter>
    </ClInclude>
    <ClInclude Include="ChangeChannel.h">
      <Filter>Classes\ChangeChannel</Filter>
    </ClInclude>
    <ClInclude Include="MapleStory.h">
      <Filter>Classes\CMapleStory</Filter>
    </ClInclude>
    <ClInclude Include="Pointers.h">
      <Filter>Resource Files</Filter>
    </ClInclude>
    <ClInclude Include="SettingsManager.h">
      <Filter>Classes\SettingsManager</Filter>
    </ClInclude>
  </ItemGroup>
  <ItemGroup>
    <EmbeddedResource Include="MainForm.resx">
      <Filter>Resource Files</Filter>
    </EmbeddedResource>
  </ItemGroup>
  <ItemGroup>
    <None Include="E:\Games\Europe MapleStory\WatyBotUpdater\AOBs.ini">
      <Filter>Resource Files</Filter>
    </None>
  </ItemGroup>
</Project>